
Microsoft Visual Studio Solution File, Format Version 12.00
# Visual Studio Version 17
VisualStudioVersion = 17.10.35027.167
MinimumVisualStudioVersion = 10.0.40219.1
Project("{8BC9CEB8-8B4A-11D0-8D11-00A0C91BC942}") = "Binary Search", "Binary Search\Binary Search.vcxproj", "{AA23AEB4-7C33-4D82-B27A-142BD7EE0CBA}"
EndProject
Global
	GlobalSection(SolutionConfigurationPlatforms) = preSolution
		Debug|x64 = Debug|x64
		Debug|x86 = Debug|x86
		Release|x64 = Release|x64
		Release|x86 = Release|x86
	EndGlobalSection
	GlobalSection(ProjectConfigurationPlatforms) = postSolution
		{AA23AEB4-7C33-4D82-B27A-142BD7EE0CBA}.Debug|x64.ActiveCfg = Debug|x64
		{AA23AEB4-7C33-4D82-B27A-142BD7EE0CBA}.Debug|x64.Build.0 = Debug|x64
		{AA23AEB4-7C33-4D82-B27A-142BD7EE0CBA}.Debug|x86.ActiveCfg = Debug|Win32
		{AA23AEB4-7C33-4D82-B27A-142BD7EE0CBA}.Debug|x86.Build.0 = Debug|Win32
		{AA23AEB4-7C33-4D82-B27A-142BD7EE0CBA}.Release|x64.ActiveCfg = Release|x64
		{AA23AEB4-7C33-4D82-B27A-142BD7EE0CBA}.Release|x64.Build.0 = Release|x64
		{AA23AEB4-7C33-4D82-B27A-142BD7EE0CBA}.Release|x86.ActiveCfg = Release|Win32
		{AA23AEB4-7C33-4D82-B27A-142BD7EE0CBA}.Release|x86.Build.0 = Release|Win32
	EndGlobalSection
	GlobalSection(SolutionProperties) = preSolution
		HideSolutionNode = FALSE
	EndGlobalSection
	GlobalSection(ExtensibilityGlobals) = postSolution
		SolutionGuid = {45910EB2-D70B-437F-8F69-12A2C6EDF1E2}
	EndGlobalSection
EndGlobal
